
Microsoft Visual Studio Solution File, Format Version 12.00
# Visual Studio Version 17
VisualStudioVersion = 17.10.34916.146
MinimumVisualStudioVersion = 10.0.40219.1
Project("{FAE04EC0-301F-11D3-BF4B-00C04F79EFBC}") = "Miran", "Miran\Miran.csproj", "{A99C50A9-6AEA-4055-91FE-49B49351CE1E}"
EndProject
Global
	GlobalSection(SolutionConfigurationPlatforms) = preSolution
		Debug|Any CPU = Debug|Any CPU
		Release|Any CPU = Release|Any CPU
	EndGlobalSection
	GlobalSection(ProjectConfigurationPlatforms) = postSolution
		{A99C50A9-6AEA-4055-91FE-49B49351CE1E}.Debug|Any CPU.ActiveCfg = Debug|Any CPU
		{A99C50A9-6AEA-4055-91FE-49B49351CE1E}.Debug|Any CPU.Build.0 = Debug|Any CPU
		{A99C50A9-6AEA-4055-91FE-49B49351CE1E}.Release|Any CPU.ActiveCfg = Release|Any CPU
		{A99C50A9-6AEA-4055-91FE-49B49351CE1E}.Release|Any CPU.Build.0 = Release|Any CPU
	EndGlobalSection
	GlobalSection(SolutionProperties) = preSolution
		HideSolutionNode = FALSE
	EndGlobalSection
	GlobalSection(ExtensibilityGlobals) = postSolution
		SolutionGuid = {A4F78093-E6F7-4DCC-81C6-4AB5D26EE283}
	EndGlobalSection
EndGlobal
